// !$*UTF8*$!
{
	archiveVersion = 1;
	classes = {
	};
	objectVersion = 56;
	objects = {

/* Begin PBXBuildFile section */
		0F7B3FBC2BDC3A6500F34827 /* AppDelegate.swift in Sources */ = {isa = PBXBuildFile; fileRef = 0F7B3FBB2BDC3A6500F34827 /* AppDelegate.swift */; };
		0F7B3FBE2BDC3A6500F34827 /* SceneDelegate.swift in Sources */ = {isa = PBXBuildFile; fileRef = 0F7B3FBD2BDC3A6500F34827 /* SceneDelegate.swift */; };
		0F7B3FC02BDC3A6500F34827 /* LanguageChooseViewController.swift in Sources */ = {isa = PBXBuildFile; fileRef = 0F7B3FBF2BDC3A6500F34827 /* LanguageChooseViewController.swift */; };
		0F7B3FC52BDC3A6600F34827 /* Assets.xcassets in Resources */ = {isa = PBXBuildFile; fileRef = 0F7B3FC42BDC3A6600F34827 /* Assets.xcassets */; };
		0F7B3FC82BDC3A6600F34827 /* Base in Resources */ = {isa = PBXBuildFile; fileRef = 0F7B3FC72BDC3A6600F34827 /* Base */; };
		0FA056912BDD71E700582E85 /* AppCoordinator.swift in Sources */ = {isa = PBXBuildFile; fileRef = 0FA056902BDD71E700582E85 /* AppCoordinator.swift */; };
		0FA056932BDD71FC00582E85 /* ReactiveCoordinator.swift in Sources */ = {isa = PBXBuildFile; fileRef = 0FA056922BDD71FC00582E85 /* ReactiveCoordinator.swift */; };
		0FA056982BDD723600582E85 /* DependencyContainer.swift in Sources */ = {isa = PBXBuildFile; fileRef = 0FA056972BDD723600582E85 /* DependencyContainer.swift */; };
		0FA0569A2BDD724500582E85 /* ViewModelFactory.swift in Sources */ = {isa = PBXBuildFile; fileRef = 0FA056992BDD724500582E85 /* ViewModelFactory.swift */; };
		0FA0569C2BDD724F00582E85 /* WorkerFactory.swift in Sources */ = {isa = PBXBuildFile; fileRef = 0FA0569B2BDD724F00582E85 /* WorkerFactory.swift */; };
		0FA0569E2BDD725C00582E85 /* ViewControllerFactory.swift in Sources */ = {isa = PBXBuildFile; fileRef = 0FA0569D2BDD725C00582E85 /* ViewControllerFactory.swift */; };
		0FC9DC582BDE447500C35785 /* NavigationController.swift in Sources */ = {isa = PBXBuildFile; fileRef = 0FC9DC572BDE447500C35785 /* NavigationController.swift */; };
		0FC9DC5B2BDE47CF00C35785 /* APIClient.swift in Sources */ = {isa = PBXBuildFile; fileRef = 0FC9DC5A2BDE47CF00C35785 /* APIClient.swift */; };
		0FC9DC5D2BDE47DF00C35785 /* KeychainStore.swift in Sources */ = {isa = PBXBuildFile; fileRef = 0FC9DC5C2BDE47DF00C35785 /* KeychainStore.swift */; };
		0FC9DC602BDE47FE00C35785 /* BaseProtocol.swift in Sources */ = {isa = PBXBuildFile; fileRef = 0FC9DC5F2BDE47FE00C35785 /* BaseProtocol.swift */; };
		0FC9DC622BDE486300C35785 /* ViewSpecificController.swift in Sources */ = {isa = PBXBuildFile; fileRef = 0FC9DC612BDE486300C35785 /* ViewSpecificController.swift */; };
		0FC9DC642BDE486E00C35785 /* NetworkChecker.swift in Sources */ = {isa = PBXBuildFile; fileRef = 0FC9DC632BDE486E00C35785 /* NetworkChecker.swift */; };
		0FC9DC662BDE487900C35785 /* Localization.swift in Sources */ = {isa = PBXBuildFile; fileRef = 0FC9DC652BDE487900C35785 /* Localization.swift */; };
		0FC9DC692BDE489500C35785 /* Userdefaults + Ext.swift in Sources */ = {isa = PBXBuildFile; fileRef = 0FC9DC682BDE489500C35785 /* Userdefaults + Ext.swift */; };
		0FC9DC6C2BDE48C800C35785 /* BaseViewController.swift in Sources */ = {isa = PBXBuildFile; fileRef = 0FC9DC6B2BDE48C800C35785 /* BaseViewController.swift */; };
		0FC9DC6F2BDE48EE00C35785 /* Endpoint.swift in Sources */ = {isa = PBXBuildFile; fileRef = 0FC9DC6E2BDE48EE00C35785 /* Endpoint.swift */; };
		0FC9DC722BDE493800C35785 /* BaseResponse.swift in Sources */ = {isa = PBXBuildFile; fileRef = 0FC9DC712BDE493800C35785 /* BaseResponse.swift */; };
		0FC9DC742BDE497000C35785 /* Decodable + Ext.swift in Sources */ = {isa = PBXBuildFile; fileRef = 0FC9DC732BDE497000C35785 /* Decodable + Ext.swift */; };
		0FC9DC762BDE499900C35785 /* Strings.swift in Sources */ = {isa = PBXBuildFile; fileRef = 0FC9DC752BDE499900C35785 /* Strings.swift */; };
		0FC9DC792BDE4A5D00C35785 /* LanguageChooseView.swift in Sources */ = {isa = PBXBuildFile; fileRef = 0FC9DC782BDE4A5D00C35785 /* LanguageChooseView.swift */; };
		0FC9DC812BDE4D0500C35785 /* CeraPro-Light.ttf in Resources */ = {isa = PBXBuildFile; fileRef = 0FC9DC7B2BDE4D0500C35785 /* CeraPro-Light.ttf */; };
		0FC9DC822BDE4D0500C35785 /* CeraPro-Medium.ttf in Resources */ = {isa = PBXBuildFile; fileRef = 0FC9DC7C2BDE4D0500C35785 /* CeraPro-Medium.ttf */; };
		0FC9DC832BDE4D0500C35785 /* CeraPro-Black.ttf in Resources */ = {isa = PBXBuildFile; fileRef = 0FC9DC7D2BDE4D0500C35785 /* CeraPro-Black.ttf */; };
		0FC9DC842BDE4D0500C35785 /* CeraPro-Bold.ttf in Resources */ = {isa = PBXBuildFile; fileRef = 0FC9DC7E2BDE4D0500C35785 /* CeraPro-Bold.ttf */; };
		0FC9DC852BDE4D0500C35785 /* CeraPro-Regular.ttf in Resources */ = {isa = PBXBuildFile; fileRef = 0FC9DC7F2BDE4D0500C35785 /* CeraPro-Regular.ttf */; };
		0FC9DC862BDE4D0500C35785 /* CeraPro-Thin.ttf in Resources */ = {isa = PBXBuildFile; fileRef = 0FC9DC802BDE4D0500C35785 /* CeraPro-Thin.ttf */; };
		0FC9DC882BDE4D5A00C35785 /* DipFonts.swift in Sources */ = {isa = PBXBuildFile; fileRef = 0FC9DC872BDE4D5A00C35785 /* DipFonts.swift */; };
		0FC9DC8A2BDE4F7E00C35785 /* UILabel + Ext.swift in Sources */ = {isa = PBXBuildFile; fileRef = 0FC9DC892BDE4F7E00C35785 /* UILabel + Ext.swift */; };
		0FC9DC8C2BDE4F9300C35785 /* UIStackView + Ext.swift in Sources */ = {isa = PBXBuildFile; fileRef = 0FC9DC8B2BDE4F9300C35785 /* UIStackView + Ext.swift */; };
		0FC9DC8E2BDE4FD700C35785 /* NSMutableAttributedString + Ext.swift in Sources */ = {isa = PBXBuildFile; fileRef = 0FC9DC8D2BDE4FD700C35785 /* NSMutableAttributedString + Ext.swift */; };
		0FC9DC902BDE4FE600C35785 /* UIImageView + Ext.swift in Sources */ = {isa = PBXBuildFile; fileRef = 0FC9DC8F2BDE4FE600C35785 /* UIImageView + Ext.swift */; };
		0FC9DC922BDE500100C35785 /* Retry + Ext.swift in Sources */ = {isa = PBXBuildFile; fileRef = 0FC9DC912BDE500100C35785 /* Retry + Ext.swift */; };
		0FC9DC942BDE501100C35785 /* UIColor + Ext.swift in Sources */ = {isa = PBXBuildFile; fileRef = 0FC9DC932BDE501100C35785 /* UIColor + Ext.swift */; };
		0FC9DC962BDE505500C35785 /* UIView + Ext.swift in Sources */ = {isa = PBXBuildFile; fileRef = 0FC9DC952BDE505500C35785 /* UIView + Ext.swift */; };
		0FC9DC982BDE506100C35785 /* Array + Ext.swift in Sources */ = {isa = PBXBuildFile; fileRef = 0FC9DC972BDE506100C35785 /* Array + Ext.swift */; };
		0FC9DC9A2BDE506D00C35785 /* UIViewController + Ext.swift in Sources */ = {isa = PBXBuildFile; fileRef = 0FC9DC992BDE506D00C35785 /* UIViewController + Ext.swift */; };
		0FC9DC9C2BDE507600C35785 /* UIApplication + Ext.swift in Sources */ = {isa = PBXBuildFile; fileRef = 0FC9DC9B2BDE507600C35785 /* UIApplication + Ext.swift */; };
		0FC9DC9E2BDE508B00C35785 /* UITabbarController + Ext.swift in Sources */ = {isa = PBXBuildFile; fileRef = 0FC9DC9D2BDE508B00C35785 /* UITabbarController + Ext.swift */; };
		0FC9DCA02BDE509800C35785 /* Int + Ext.swift in Sources */ = {isa = PBXBuildFile; fileRef = 0FC9DC9F2BDE509800C35785 /* Int + Ext.swift */; };
		0FC9DCA22BDE50B000C35785 /* String + Ext.swift in Sources */ = {isa = PBXBuildFile; fileRef = 0FC9DCA12BDE50B000C35785 /* String + Ext.swift */; };
		0FC9DCA42BDE50DD00C35785 /* UITableView + Ext.swift in Sources */ = {isa = PBXBuildFile; fileRef = 0FC9DCA32BDE50DD00C35785 /* UITableView + Ext.swift */; };
		0FC9DCA62BDE50EB00C35785 /* UICollectionView + Ext.swift in Sources */ = {isa = PBXBuildFile; fileRef = 0FC9DCA52BDE50EB00C35785 /* UICollectionView + Ext.swift */; };
		0FC9DCA82BDE50F700C35785 /* Reusable.swift in Sources */ = {isa = PBXBuildFile; fileRef = 0FC9DCA72BDE50F700C35785 /* Reusable.swift */; };
		0FC9DCAA2BDE510500C35785 /* UITextField + Ext.swift in Sources */ = {isa = PBXBuildFile; fileRef = 0FC9DCA92BDE510500C35785 /* UITextField + Ext.swift */; };
		0FC9DCAC2BDE511200C35785 /* UIButton + Ext.swift in Sources */ = {isa = PBXBuildFile; fileRef = 0FC9DCAB2BDE511200C35785 /* UIButton + Ext.swift */; };
		0FC9DCAE2BDE512500C35785 /* ObservableType + Ext.swift in Sources */ = {isa = PBXBuildFile; fileRef = 0FC9DCAD2BDE512500C35785 /* ObservableType + Ext.swift */; };
		0FC9DCB02BDE547C00C35785 /* LanguageCellView.swift in Sources */ = {isa = PBXBuildFile; fileRef = 0FC9DCAF2BDE547C00C35785 /* LanguageCellView.swift */; };
		0FC9DCB32BDE5ADF00C35785 /* LanguageChooseCoordinator.swift in Sources */ = {isa = PBXBuildFile; fileRef = 0FC9DCB22BDE5ADF00C35785 /* LanguageChooseCoordinator.swift */; };
		0FC9DCB62BDE5DA000C35785 /* OnboardingViewController.swift in Sources */ = {isa = PBXBuildFile; fileRef = 0FC9DCB52BDE5DA000C35785 /* OnboardingViewController.swift */; };
		0FC9DCB82BDE5DB600C35785 /* OnboardingView.swift in Sources */ = {isa = PBXBuildFile; fileRef = 0FC9DCB72BDE5DB600C35785 /* OnboardingView.swift */; };
		0FC9DCBB2BDE61D400C35785 /* DiPPrimaryButton.swift in Sources */ = {isa = PBXBuildFile; fileRef = 0FC9DCBA2BDE61D400C35785 /* DiPPrimaryButton.swift */; };
		0FC9DCBD2BDE68F100C35785 /* OnboardingCell.swift in Sources */ = {isa = PBXBuildFile; fileRef = 0FC9DCBC2BDE68F100C35785 /* OnboardingCell.swift */; };
		0FF16F732BDFE58F004FDCC5 /* NavigationBarView.swift in Sources */ = {isa = PBXBuildFile; fileRef = 0FF16F722BDFE58F004FDCC5 /* NavigationBarView.swift */; };
		0FF16F762BDFE641004FDCC5 /* NavigationBarButton.swift in Sources */ = {isa = PBXBuildFile; fileRef = 0FF16F752BDFE641004FDCC5 /* NavigationBarButton.swift */; };
		0FF16F782BE00354004FDCC5 /* Utils.swift in Sources */ = {isa = PBXBuildFile; fileRef = 0FF16F772BE00354004FDCC5 /* Utils.swift */; };
		0FF16F7B2BE0C4B3004FDCC5 /* OnboardingCoordinator.swift in Sources */ = {isa = PBXBuildFile; fileRef = 0FF16F7A2BE0C4B3004FDCC5 /* OnboardingCoordinator.swift */; };
		0FF16F7F2BE0CBED004FDCC5 /* AuthorizationViewController.swift in Sources */ = {isa = PBXBuildFile; fileRef = 0FF16F7E2BE0CBED004FDCC5 /* AuthorizationViewController.swift */; };
		0FF16F812BE0CC06004FDCC5 /* AuthorizationView.swift in Sources */ = {isa = PBXBuildFile; fileRef = 0FF16F802BE0CC06004FDCC5 /* AuthorizationView.swift */; };
		0FF16F832BE0CD95004FDCC5 /* DiPSecondaryButton.swift in Sources */ = {isa = PBXBuildFile; fileRef = 0FF16F822BE0CD95004FDCC5 /* DiPSecondaryButton.swift */; };
		593177F4BECE47AF1962C683 /* libPods-DocInPoc.a in Frameworks */ = {isa = PBXBuildFile; fileRef = 95F2CCA013EF416510D128D6 /* libPods-DocInPoc.a */; };
/* End PBXBuildFile section */

/* Begin PBXFileReference section */
		0F7B3FB82BDC3A6500F34827 /* DocInPoc.app */ = {isa = PBXFileReference; explicitFileType = wrapper.application; includeInIndex = 0; path = DocInPoc.app; sourceTree = BUILT_PRODUCTS_DIR; };
		0F7B3FBB2BDC3A6500F34827 /* AppDelegate.swift */ = {isa = PBXFileReference; lastKnownFileType = sourcecode.swift; path = AppDelegate.swift; sourceTree = "<group>"; };
		0F7B3FBD2BDC3A6500F34827 /* SceneDelegate.swift */ = {isa = PBXFileReference; lastKnownFileType = sourcecode.swift; path = SceneDelegate.swift; sourceTree = "<group>"; };
		0F7B3FBF2BDC3A6500F34827 /* LanguageChooseViewController.swift */ = {isa = PBXFileReference; lastKnownFileType = sourcecode.swift; path = LanguageChooseViewController.swift; sourceTree = "<group>"; };
		0F7B3FC42BDC3A6600F34827 /* Assets.xcassets */ = {isa = PBXFileReference; lastKnownFileType = folder.assetcatalog; path = Assets.xcassets; sourceTree = "<group>"; };
		0F7B3FC72BDC3A6600F34827 /* Base */ = {isa = PBXFileReference; lastKnownFileType = file.storyboard; name = Base; path = Base.lproj/LaunchScreen.storyboard; sourceTree = "<group>"; };
		0FA0568E2BDD6E1100582E85 /* Info.plist */ = {isa = PBXFileReference; fileEncoding = 4; lastKnownFileType = text.plist.xml; name = Info.plist; path = DocInPoc/Resources/Info.plist; sourceTree = SOURCE_ROOT; };
		0FA056902BDD71E700582E85 /* AppCoordinator.swift */ = {isa = PBXFileReference; lastKnownFileType = sourcecode.swift; path = AppCoordinator.swift; sourceTree = "<group>"; };
		0FA056922BDD71FC00582E85 /* ReactiveCoordinator.swift */ = {isa = PBXFileReference; lastKnownFileType = sourcecode.swift; path = ReactiveCoordinator.swift; sourceTree = "<group>"; };
		0FA056972BDD723600582E85 /* DependencyContainer.swift */ = {isa = PBXFileReference; lastKnownFileType = sourcecode.swift; path = DependencyContainer.swift; sourceTree = "<group>"; };
		0FA056992BDD724500582E85 /* ViewModelFactory.swift */ = {isa = PBXFileReference; lastKnownFileType = sourcecode.swift; path = ViewModelFactory.swift; sourceTree = "<group>"; };
		0FA0569B2BDD724F00582E85 /* WorkerFactory.swift */ = {isa = PBXFileReference; lastKnownFileType = sourcecode.swift; path = WorkerFactory.swift; sourceTree = "<group>"; };
		0FA0569D2BDD725C00582E85 /* ViewControllerFactory.swift */ = {isa = PBXFileReference; lastKnownFileType = sourcecode.swift; path = ViewControllerFactory.swift; sourceTree = "<group>"; };
		0FC9DC572BDE447500C35785 /* NavigationController.swift */ = {isa = PBXFileReference; lastKnownFileType = sourcecode.swift; path = NavigationController.swift; sourceTree = "<group>"; };
		0FC9DC5A2BDE47CF00C35785 /* APIClient.swift */ = {isa = PBXFileReference; lastKnownFileType = sourcecode.swift; path = APIClient.swift; sourceTree = "<group>"; };
		0FC9DC5C2BDE47DF00C35785 /* KeychainStore.swift */ = {isa = PBXFileReference; lastKnownFileType = sourcecode.swift; path = KeychainStore.swift; sourceTree = "<group>"; };
		0FC9DC5F2BDE47FE00C35785 /* BaseProtocol.swift */ = {isa = PBXFileReference; lastKnownFileType = sourcecode.swift; path = BaseProtocol.swift; sourceTree = "<group>"; };
		0FC9DC612BDE486300C35785 /* ViewSpecificController.swift */ = {isa = PBXFileReference; lastKnownFileType = sourcecode.swift; path = ViewSpecificController.swift; sourceTree = "<group>"; };
		0FC9DC632BDE486E00C35785 /* NetworkChecker.swift */ = {isa = PBXFileReference; lastKnownFileType = sourcecode.swift; path = NetworkChecker.swift; sourceTree = "<group>"; };
		0FC9DC652BDE487900C35785 /* Localization.swift */ = {isa = PBXFileReference; lastKnownFileType = sourcecode.swift; path = Localization.swift; sourceTree = "<group>"; };
		0FC9DC682BDE489500C35785 /* Userdefaults + Ext.swift */ = {isa = PBXFileReference; lastKnownFileType = sourcecode.swift; path = "Userdefaults + Ext.swift"; sourceTree = "<group>"; };
		0FC9DC6B2BDE48C800C35785 /* BaseViewController.swift */ = {isa = PBXFileReference; lastKnownFileType = sourcecode.swift; path = BaseViewController.swift; sourceTree = "<group>"; };
		0FC9DC6E2BDE48EE00C35785 /* Endpoint.swift */ = {isa = PBXFileReference; lastKnownFileType = sourcecode.swift; path = Endpoint.swift; sourceTree = "<group>"; };
		0FC9DC712BDE493800C35785 /* BaseResponse.swift */ = {isa = PBXFileReference; lastKnownFileType = sourcecode.swift; path = BaseResponse.swift; sourceTree = "<group>"; };
		0FC9DC732BDE497000C35785 /* Decodable + Ext.swift */ = {isa = PBXFileReference; lastKnownFileType = sourcecode.swift; path = "Decodable + Ext.swift"; sourceTree = "<group>"; };
		0FC9DC752BDE499900C35785 /* Strings.swift */ = {isa = PBXFileReference; lastKnownFileType = sourcecode.swift; path = Strings.swift; sourceTree = "<group>"; };
		0FC9DC782BDE4A5D00C35785 /* LanguageChooseView.swift */ = {isa = PBXFileReference; lastKnownFileType = sourcecode.swift; path = LanguageChooseView.swift; sourceTree = "<group>"; };
		0FC9DC7B2BDE4D0500C35785 /* CeraPro-Light.ttf */ = {isa = PBXFileReference; lastKnownFileType = file; path = "CeraPro-Light.ttf"; sourceTree = "<group>"; };
		0FC9DC7C2BDE4D0500C35785 /* CeraPro-Medium.ttf */ = {isa = PBXFileReference; lastKnownFileType = file; path = "CeraPro-Medium.ttf"; sourceTree = "<group>"; };
		0FC9DC7D2BDE4D0500C35785 /* CeraPro-Black.ttf */ = {isa = PBXFileReference; lastKnownFileType = file; path = "CeraPro-Black.ttf"; sourceTree = "<group>"; };
		0FC9DC7E2BDE4D0500C35785 /* CeraPro-Bold.ttf */ = {isa = PBXFileReference; lastKnownFileType = file; path = "CeraPro-Bold.ttf"; sourceTree = "<group>"; };
		0FC9DC7F2BDE4D0500C35785 /* CeraPro-Regular.ttf */ = {isa = PBXFileReference; lastKnownFileType = file; path = "CeraPro-Regular.ttf"; sourceTree = "<group>"; };
		0FC9DC802BDE4D0500C35785 /* CeraPro-Thin.ttf */ = {isa = PBXFileReference; lastKnownFileType = file; path = "CeraPro-Thin.ttf"; sourceTree = "<group>"; };
		0FC9DC872BDE4D5A00C35785 /* DipFonts.swift */ = {isa = PBXFileReference; lastKnownFileType = sourcecode.swift; path = DipFonts.swift; sourceTree = "<group>"; };
		0FC9DC892BDE4F7E00C35785 /* UILabel + Ext.swift */ = {isa = PBXFileReference; lastKnownFileType = sourcecode.swift; path = "UILabel + Ext.swift"; sourceTree = "<group>"; };
		0FC9DC8B2BDE4F9300C35785 /* UIStackView + Ext.swift */ = {isa = PBXFileReference; lastKnownFileType = sourcecode.swift; path = "UIStackView + Ext.swift"; sourceTree = "<group>"; };
		0FC9DC8D2BDE4FD700C35785 /* NSMutableAttributedString + Ext.swift */ = {isa = PBXFileReference; lastKnownFileType = sourcecode.swift; path = "NSMutableAttributedString + Ext.swift"; sourceTree = "<group>"; };
		0FC9DC8F2BDE4FE600C35785 /* UIImageView + Ext.swift */ = {isa = PBXFileReference; lastKnownFileType = sourcecode.swift; path = "UIImageView + Ext.swift"; sourceTree = "<group>"; };
		0FC9DC912BDE500100C35785 /* Retry + Ext.swift */ = {isa = PBXFileReference; lastKnownFileType = sourcecode.swift; path = "Retry + Ext.swift"; sourceTree = "<group>"; };
		0FC9DC932BDE501100C35785 /* UIColor + Ext.swift */ = {isa = PBXFileReference; lastKnownFileType = sourcecode.swift; path = "UIColor + Ext.swift"; sourceTree = "<group>"; };
		0FC9DC952BDE505500C35785 /* UIView + Ext.swift */ = {isa = PBXFileReference; lastKnownFileType = sourcecode.swift; path = "UIView + Ext.swift"; sourceTree = "<group>"; };
		0FC9DC972BDE506100C35785 /* Array + Ext.swift */ = {isa = PBXFileReference; lastKnownFileType = sourcecode.swift; path = "Array + Ext.swift"; sourceTree = "<group>"; };
		0FC9DC992BDE506D00C35785 /* UIViewController + Ext.swift */ = {isa = PBXFileReference; lastKnownFileType = sourcecode.swift; path = "UIViewController + Ext.swift"; sourceTree = "<group>"; };
		0FC9DC9B2BDE507600C35785 /* UIApplication + Ext.swift */ = {isa = PBXFileReference; lastKnownFileType = sourcecode.swift; path = "UIApplication + Ext.swift"; sourceTree = "<group>"; };
		0FC9DC9D2BDE508B00C35785 /* UITabbarController + Ext.swift */ = {isa = PBXFileReference; lastKnownFileType = sourcecode.swift; path = "UITabbarController + Ext.swift"; sourceTree = "<group>"; };
		0FC9DC9F2BDE509800C35785 /* Int + Ext.swift */ = {isa = PBXFileReference; lastKnownFileType = sourcecode.swift; path = "Int + Ext.swift"; sourceTree = "<group>"; };
		0FC9DCA12BDE50B000C35785 /* String + Ext.swift */ = {isa = PBXFileReference; lastKnownFileType = sourcecode.swift; path = "String + Ext.swift"; sourceTree = "<group>"; };
		0FC9DCA32BDE50DD00C35785 /* UITableView + Ext.swift */ = {isa = PBXFileReference; lastKnownFileType = sourcecode.swift; path = "UITableView + Ext.swift"; sourceTree = "<group>"; };
		0FC9DCA52BDE50EB00C35785 /* UICollectionView + Ext.swift */ = {isa = PBXFileReference; lastKnownFileType = sourcecode.swift; path = "UICollectionView + Ext.swift"; sourceTree = "<group>"; };
		0FC9DCA72BDE50F700C35785 /* Reusable.swift */ = {isa = PBXFileReference; lastKnownFileType = sourcecode.swift; path = Reusable.swift; sourceTree = "<group>"; };
		0FC9DCA92BDE510500C35785 /* UITextField + Ext.swift */ = {isa = PBXFileReference; lastKnownFileType = sourcecode.swift; path = "UITextField + Ext.swift"; sourceTree = "<group>"; };
		0FC9DCAB2BDE511200C35785 /* UIButton + Ext.swift */ = {isa = PBXFileReference; lastKnownFileType = sourcecode.swift; path = "UIButton + Ext.swift"; sourceTree = "<group>"; };
		0FC9DCAD2BDE512500C35785 /* ObservableType + Ext.swift */ = {isa = PBXFileReference; lastKnownFileType = sourcecode.swift; path = "ObservableType + Ext.swift"; sourceTree = "<group>"; };
		0FC9DCAF2BDE547C00C35785 /* LanguageCellView.swift */ = {isa = PBXFileReference; lastKnownFileType = sourcecode.swift; path = LanguageCellView.swift; sourceTree = "<group>"; };
		0FC9DCB22BDE5ADF00C35785 /* LanguageChooseCoordinator.swift */ = {isa = PBXFileReference; lastKnownFileType = sourcecode.swift; path = LanguageChooseCoordinator.swift; sourceTree = "<group>"; };
		0FC9DCB52BDE5DA000C35785 /* OnboardingViewController.swift */ = {isa = PBXFileReference; lastKnownFileType = sourcecode.swift; path = OnboardingViewController.swift; sourceTree = "<group>"; };
		0FC9DCB72BDE5DB600C35785 /* OnboardingView.swift */ = {isa = PBXFileReference; lastKnownFileType = sourcecode.swift; path = OnboardingView.swift; sourceTree = "<group>"; };
		0FC9DCBA2BDE61D400C35785 /* DiPPrimaryButton.swift */ = {isa = PBXFileReference; lastKnownFileType = sourcecode.swift; path = DiPPrimaryButton.swift; sourceTree = "<group>"; };
		0FC9DCBC2BDE68F100C35785 /* OnboardingCell.swift */ = {isa = PBXFileReference; lastKnownFileType = sourcecode.swift; path = OnboardingCell.swift; sourceTree = "<group>"; };
		0FF16F722BDFE58F004FDCC5 /* NavigationBarView.swift */ = {isa = PBXFileReference; lastKnownFileType = sourcecode.swift; path = NavigationBarView.swift; sourceTree = "<group>"; };
		0FF16F752BDFE641004FDCC5 /* NavigationBarButton.swift */ = {isa = PBXFileReference; lastKnownFileType = sourcecode.swift; path = NavigationBarButton.swift; sourceTree = "<group>"; };
		0FF16F772BE00354004FDCC5 /* Utils.swift */ = {isa = PBXFileReference; lastKnownFileType = sourcecode.swift; path = Utils.swift; sourceTree = "<group>"; };
		0FF16F7A2BE0C4B3004FDCC5 /* OnboardingCoordinator.swift */ = {isa = PBXFileReference; lastKnownFileType = sourcecode.swift; path = OnboardingCoordinator.swift; sourceTree = "<group>"; };
		0FF16F7E2BE0CBED004FDCC5 /* AuthorizationViewController.swift */ = {isa = PBXFileReference; lastKnownFileType = sourcecode.swift; path = AuthorizationViewController.swift; sourceTree = "<group>"; };
		0FF16F802BE0CC06004FDCC5 /* AuthorizationView.swift */ = {isa = PBXFileReference; lastKnownFileType = sourcecode.swift; path = AuthorizationView.swift; sourceTree = "<group>"; };
		0FF16F822BE0CD95004FDCC5 /* DiPSecondaryButton.swift */ = {isa = PBXFileReference; lastKnownFileType = sourcecode.swift; path = DiPSecondaryButton.swift; sourceTree = "<group>"; };
		4A8E8812A7E26192AC4550B5 /* Pods-DocInPoc.release.xcconfig */ = {isa = PBXFileReference; includeInIndex = 1; lastKnownFileType = text.xcconfig; name = "Pods-DocInPoc.release.xcconfig"; path = "Target Support Files/Pods-DocInPoc/Pods-DocInPoc.release.xcconfig"; sourceTree = "<group>"; };
		95F2CCA013EF416510D128D6 /* libPods-DocInPoc.a */ = {isa = PBXFileReference; explicitFileType = archive.ar; includeInIndex = 0; path = "libPods-DocInPoc.a"; sourceTree = BUILT_PRODUCTS_DIR; };
		ADFF56737BA3CADE1D324129 /* Pods-DocInPoc.debug.xcconfig */ = {isa = PBXFileReference; includeInIndex = 1; lastKnownFileType = text.xcconfig; name = "Pods-DocInPoc.debug.xcconfig"; path = "Target Support Files/Pods-DocInPoc/Pods-DocInPoc.debug.xcconfig"; sourceTree = "<group>"; };
/* End PBXFileReference section */

/* Begin PBXFrameworksBuildPhase section */
		0F7B3FB52BDC3A6500F34827 /* Frameworks */ = {
			isa = PBXFrameworksBuildPhase;
			buildActionMask = 2147483647;
			files = (
				593177F4BECE47AF1962C683 /* libPods-DocInPoc.a in Frameworks */,
			);
			runOnlyForDeploymentPostprocessing = 0;
		};
/* End PBXFrameworksBuildPhase section */

/* Begin PBXGroup section */
		0F7B3FAF2BDC3A6500F34827 = {
			isa = PBXGroup;
			children = (
				0F7B3FBA2BDC3A6500F34827 /* DocInPoc */,
				0F7B3FB92BDC3A6500F34827 /* Products */,
				64199C01D6AC63A4B3B6DE20 /* Pods */,
				EC3AAE90561FE6ED2C3E4E51 /* Frameworks */,
			);
			sourceTree = "<group>";
		};
		0F7B3FB92BDC3A6500F34827 /* Products */ = {
			isa = PBXGroup;
			children = (
				0F7B3FB82BDC3A6500F34827 /* DocInPoc.app */,
			);
			name = Products;
			sourceTree = "<group>";
		};
		0F7B3FBA2BDC3A6500F34827 /* DocInPoc */ = {
			isa = PBXGroup;
			children = (
				0FC9DC702BDE493300C35785 /* Models */,
				0FC9DC6D2BDE48E900C35785 /* Endpoints */,
				0FC9DC672BDE488600C35785 /* Extensions */,
				0FC9DC6A2BDE48C100C35785 /* Modules */,
				0FC9DC5E2BDE47F800C35785 /* Utils */,
				0FC9DC592BDE47C000C35785 /* Managers */,
				0FA056952BDD721A00582E85 /* Coordinator */,
				0FA056942BDD721300582E85 /* Appliction */,
				0FD119DA2BDD6DBF00CE243C /* Resources */,
			);
			path = DocInPoc;
			sourceTree = "<group>";
		};
		0FA056942BDD721300582E85 /* Appliction */ = {
			isa = PBXGroup;
			children = (
				0FA056962BDD722A00582E85 /* DI */,
				0F7B3FBB2BDC3A6500F34827 /* AppDelegate.swift */,
				0F7B3FBD2BDC3A6500F34827 /* SceneDelegate.swift */,
			);
			path = Appliction;
			sourceTree = "<group>";
		};
		0FA056952BDD721A00582E85 /* Coordinator */ = {
			isa = PBXGroup;
			children = (
				0FA056902BDD71E700582E85 /* AppCoordinator.swift */,
				0FA056922BDD71FC00582E85 /* ReactiveCoordinator.swift */,
				0FC9DC572BDE447500C35785 /* NavigationController.swift */,
			);
			path = Coordinator;
			sourceTree = "<group>";
		};
		0FA056962BDD722A00582E85 /* DI */ = {
			isa = PBXGroup;
			children = (
				0FA056972BDD723600582E85 /* DependencyContainer.swift */,
				0FA056992BDD724500582E85 /* ViewModelFactory.swift */,
				0FA0569B2BDD724F00582E85 /* WorkerFactory.swift */,
				0FA0569D2BDD725C00582E85 /* ViewControllerFactory.swift */,
			);
			path = DI;
			sourceTree = "<group>";
		};
		0FC9DC592BDE47C000C35785 /* Managers */ = {
			isa = PBXGroup;
			children = (
				0FC9DC5A2BDE47CF00C35785 /* APIClient.swift */,
				0FC9DC5C2BDE47DF00C35785 /* KeychainStore.swift */,
			);
			path = Managers;
			sourceTree = "<group>";
		};
		0FC9DC5E2BDE47F800C35785 /* Utils */ = {
			isa = PBXGroup;
			children = (
				0FF16F742BDFE632004FDCC5 /* NavigationBar */,
				0FC9DCB92BDE61CC00C35785 /* ReusableViews */,
				0FC9DC5F2BDE47FE00C35785 /* BaseProtocol.swift */,
				0FC9DC612BDE486300C35785 /* ViewSpecificController.swift */,
				0FC9DC632BDE486E00C35785 /* NetworkChecker.swift */,
				0FC9DC652BDE487900C35785 /* Localization.swift */,
				0FF16F772BE00354004FDCC5 /* Utils.swift */,
			);
			path = Utils;
			sourceTree = "<group>";
		};
		0FC9DC672BDE488600C35785 /* Extensions */ = {
			isa = PBXGroup;
			children = (
				0FC9DC682BDE489500C35785 /* Userdefaults + Ext.swift */,
				0FC9DC732BDE497000C35785 /* Decodable + Ext.swift */,
				0FC9DC8B2BDE4F9300C35785 /* UIStackView + Ext.swift */,
				0FC9DC8D2BDE4FD700C35785 /* NSMutableAttributedString + Ext.swift */,
				0FC9DC8F2BDE4FE600C35785 /* UIImageView + Ext.swift */,
				0FC9DC892BDE4F7E00C35785 /* UILabel + Ext.swift */,
				0FC9DC912BDE500100C35785 /* Retry + Ext.swift */,
				0FC9DC932BDE501100C35785 /* UIColor + Ext.swift */,
				0FC9DC952BDE505500C35785 /* UIView + Ext.swift */,
				0FC9DC972BDE506100C35785 /* Array + Ext.swift */,
				0FC9DC992BDE506D00C35785 /* UIViewController + Ext.swift */,
				0FC9DC9B2BDE507600C35785 /* UIApplication + Ext.swift */,
				0FC9DC9D2BDE508B00C35785 /* UITabbarController + Ext.swift */,
				0FC9DC9F2BDE509800C35785 /* Int + Ext.swift */,
				0FC9DCA12BDE50B000C35785 /* String + Ext.swift */,
				0FC9DCA32BDE50DD00C35785 /* UITableView + Ext.swift */,
				0FC9DCA52BDE50EB00C35785 /* UICollectionView + Ext.swift */,
				0FC9DCA72BDE50F700C35785 /* Reusable.swift */,
				0FC9DCA92BDE510500C35785 /* UITextField + Ext.swift */,
				0FC9DCAB2BDE511200C35785 /* UIButton + Ext.swift */,
				0FC9DCAD2BDE512500C35785 /* ObservableType + Ext.swift */,
			);
			path = Extensions;
			sourceTree = "<group>";
		};
		0FC9DC6A2BDE48C100C35785 /* Modules */ = {
			isa = PBXGroup;
			children = (
				0FF16F7D2BE0CBE1004FDCC5 /* Authorization */,
				0FC9DCB42BDE5D6C00C35785 /* Onboarding */,
				0FC9DC6B2BDE48C800C35785 /* BaseViewController.swift */,
			);
			path = Modules;
			sourceTree = "<group>";
		};
		0FC9DC6D2BDE48E900C35785 /* Endpoints */ = {
			isa = PBXGroup;
			children = (
				0FC9DC6E2BDE48EE00C35785 /* Endpoint.swift */,
			);
			path = Endpoints;
			sourceTree = "<group>";
		};
		0FC9DC702BDE493300C35785 /* Models */ = {
			isa = PBXGroup;
			children = (
				0FC9DC712BDE493800C35785 /* BaseResponse.swift */,
			);
			path = Models;
			sourceTree = "<group>";
		};
		0FC9DC772BDE4A5500C35785 /* Language Choose */ = {
			isa = PBXGroup;
			children = (
				0F7B3FBF2BDC3A6500F34827 /* LanguageChooseViewController.swift */,
				0FC9DCB22BDE5ADF00C35785 /* LanguageChooseCoordinator.swift */,
				0FC9DCB12BDE548000C35785 /* Views */,
			);
			path = "Language Choose";
			sourceTree = "<group>";
		};
		0FC9DC7A2BDE4CFA00C35785 /* Fonts */ = {
			isa = PBXGroup;
			children = (
				0FC9DC7D2BDE4D0500C35785 /* CeraPro-Black.ttf */,
				0FC9DC7E2BDE4D0500C35785 /* CeraPro-Bold.ttf */,
				0FC9DC7B2BDE4D0500C35785 /* CeraPro-Light.ttf */,
				0FC9DC7C2BDE4D0500C35785 /* CeraPro-Medium.ttf */,
				0FC9DC7F2BDE4D0500C35785 /* CeraPro-Regular.ttf */,
				0FC9DC802BDE4D0500C35785 /* CeraPro-Thin.ttf */,
			);
			path = Fonts;
			sourceTree = "<group>";
		};
		0FC9DCB12BDE548000C35785 /* Views */ = {
			isa = PBXGroup;
			children = (
				0FC9DC782BDE4A5D00C35785 /* LanguageChooseView.swift */,
				0FC9DCAF2BDE547C00C35785 /* LanguageCellView.swift */,
			);
			path = Views;
			sourceTree = "<group>";
		};
		0FC9DCB42BDE5D6C00C35785 /* Onboarding */ = {
			isa = PBXGroup;
			children = (
				0FC9DC772BDE4A5500C35785 /* Language Choose */,
				0FF16F792BE0C4A6004FDCC5 /* Onboarding */,
			);
			path = Onboarding;
			sourceTree = "<group>";
		};
		0FC9DCB92BDE61CC00C35785 /* ReusableViews */ = {
			isa = PBXGroup;
			children = (
				0FC9DCBA2BDE61D400C35785 /* DiPPrimaryButton.swift */,
				0FF16F822BE0CD95004FDCC5 /* DiPSecondaryButton.swift */,
			);
			path = ReusableViews;
			sourceTree = "<group>";
		};
		0FD119DA2BDD6DBF00CE243C /* Resources */ = {
			isa = PBXGroup;
			children = (
				0FC9DC7A2BDE4CFA00C35785 /* Fonts */,
				0FA0568E2BDD6E1100582E85 /* Info.plist */,
				0F7B3FC42BDC3A6600F34827 /* Assets.xcassets */,
				0F7B3FC62BDC3A6600F34827 /* LaunchScreen.storyboard */,
				0FC9DC752BDE499900C35785 /* Strings.swift */,
				0FC9DC872BDE4D5A00C35785 /* DipFonts.swift */,
			);
			path = Resources;
			sourceTree = "<group>";
		};
		0FF16F742BDFE632004FDCC5 /* NavigationBar */ = {
			isa = PBXGroup;
			children = (
				0FF16F722BDFE58F004FDCC5 /* NavigationBarView.swift */,
				0FF16F752BDFE641004FDCC5 /* NavigationBarButton.swift */,
			);
			path = NavigationBar;
			sourceTree = "<group>";
		};
		0FF16F792BE0C4A6004FDCC5 /* Onboarding */ = {
			isa = PBXGroup;
			children = (
				0FC9DCB52BDE5DA000C35785 /* OnboardingViewController.swift */,
				0FF16F7A2BE0C4B3004FDCC5 /* OnboardingCoordinator.swift */,
				0FF16F7C2BE0C4F5004FDCC5 /* Views */,
			);
			path = Onboarding;
			sourceTree = "<group>";
		};
		0FF16F7C2BE0C4F5004FDCC5 /* Views */ = {
			isa = PBXGroup;
			children = (
				0FC9DCB72BDE5DB600C35785 /* OnboardingView.swift */,
				0FC9DCBC2BDE68F100C35785 /* OnboardingCell.swift */,
			);
			path = Views;
			sourceTree = "<group>";
		};
		0FF16F7D2BE0CBE1004FDCC5 /* Authorization */ = {
			isa = PBXGroup;
			children = (
				0FF16F7E2BE0CBED004FDCC5 /* AuthorizationViewController.swift */,
				0FF16F802BE0CC06004FDCC5 /* AuthorizationView.swift */,
			);
			path = Authorization;
			sourceTree = "<group>";
		};
		64199C01D6AC63A4B3B6DE20 /* Pods */ = {
			isa = PBXGroup;
			children = (
				ADFF56737BA3CADE1D324129 /* Pods-DocInPoc.debug.xcconfig */,
				4A8E8812A7E26192AC4550B5 /* Pods-DocInPoc.release.xcconfig */,
			);
			path = Pods;
			sourceTree = "<group>";
		};
		EC3AAE90561FE6ED2C3E4E51 /* Frameworks */ = {
			isa = PBXGroup;
			children = (
				95F2CCA013EF416510D128D6 /* libPods-DocInPoc.a */,
			);
			name = Frameworks;
			sourceTree = "<group>";
		};
/* End PBXGroup section */

/* Begin PBXNativeTarget section */
		0F7B3FB72BDC3A6500F34827 /* DocInPoc */ = {
			isa = PBXNativeTarget;
			buildConfigurationList = 0F7B3FCC2BDC3A6600F34827 /* Build configuration list for PBXNativeTarget "DocInPoc" */;
			buildPhases = (
				DBC9C1633C58282F88DC10E0 /* [CP] Check Pods Manifest.lock */,
				0F7B3FB42BDC3A6500F34827 /* Sources */,
				0F7B3FB52BDC3A6500F34827 /* Frameworks */,
				0F7B3FB62BDC3A6500F34827 /* Resources */,
				FA0A5CD9F626741D6372DB6C /* [CP] Copy Pods Resources */,
			);
			buildRules = (
			);
			dependencies = (
			);
			name = DocInPoc;
			productName = DocInPoc;
			productReference = 0F7B3FB82BDC3A6500F34827 /* DocInPoc.app */;
			productType = "com.apple.product-type.application";
		};
/* End PBXNativeTarget section */

/* Begin PBXProject section */
		0F7B3FB02BDC3A6500F34827 /* Project object */ = {
			isa = PBXProject;
			attributes = {
				BuildIndependentTargetsInParallel = 1;
				LastSwiftUpdateCheck = 1530;
				LastUpgradeCheck = 1530;
				TargetAttributes = {
					0F7B3FB72BDC3A6500F34827 = {
						CreatedOnToolsVersion = 15.3;
					};
				};
			};
			buildConfigurationList = 0F7B3FB32BDC3A6500F34827 /* Build configuration list for PBXProject "DocInPoc" */;
			compatibilityVersion = "Xcode 14.0";
			developmentRegion = en;
			hasScannedForEncodings = 0;
			knownRegions = (
				en,
				Base,
			);
			mainGroup = 0F7B3FAF2BDC3A6500F34827;
			productRefGroup = 0F7B3FB92BDC3A6500F34827 /* Products */;
			projectDirPath = "";
			projectRoot = "";
			targets = (
				0F7B3FB72BDC3A6500F34827 /* DocInPoc */,
			);
		};
/* End PBXProject section */

/* Begin PBXResourcesBuildPhase section */
		0F7B3FB62BDC3A6500F34827 /* Resources */ = {
			isa = PBXResourcesBuildPhase;
			buildActionMask = 2147483647;
			files = (
				0FC9DC862BDE4D0500C35785 /* CeraPro-Thin.ttf in Resources */,
				0FC9DC822BDE4D0500C35785 /* CeraPro-Medium.ttf in Resources */,
				0FC9DC832BDE4D0500C35785 /* CeraPro-Black.ttf in Resources */,
				0F7B3FC52BDC3A6600F34827 /* Assets.xcassets in Resources */,
				0FC9DC852BDE4D0500C35785 /* CeraPro-Regular.ttf in Resources */,
				0F7B3FC82BDC3A6600F34827 /* Base in Resources */,
				0FC9DC842BDE4D0500C35785 /* CeraPro-Bold.ttf in Resources */,
				0FC9DC812BDE4D0500C35785 /* CeraPro-Light.ttf in Resources */,
			);
			runOnlyForDeploymentPostprocessing = 0;
		};
/* End PBXResourcesBuildPhase section */

/* Begin PBXShellScriptBuildPhase section */
		DBC9C1633C58282F88DC10E0 /* [CP] Check Pods Manifest.lock */ = {
			isa = PBXShellScriptBuildPhase;
			buildActionMask = 2147483647;
			files = (
			);
			inputFileListPaths = (
			);
			inputPaths = (
				"${PODS_PODFILE_DIR_PATH}/Podfile.lock",
				"${PODS_ROOT}/Manifest.lock",
			);
			name = "[CP] Check Pods Manifest.lock";
			outputFileListPaths = (
			);
			outputPaths = (
				"$(DERIVED_FILE_DIR)/Pods-DocInPoc-checkManifestLockResult.txt",
			);
			runOnlyForDeploymentPostprocessing = 0;
			shellPath = /bin/sh;
			shellScript = "diff \"${PODS_PODFILE_DIR_PATH}/Podfile.lock\" \"${PODS_ROOT}/Manifest.lock\" > /dev/null\nif [ $? != 0 ] ; then\n    # print error to STDERR\n    echo \"error: The sandbox is not in sync with the Podfile.lock. Run 'pod install' or update your CocoaPods installation.\" >&2\n    exit 1\nfi\n# This output is used by Xcode 'outputs' to avoid re-running this script phase.\necho \"SUCCESS\" > \"${SCRIPT_OUTPUT_FILE_0}\"\n";
			showEnvVarsInLog = 0;
		};
		FA0A5CD9F626741D6372DB6C /* [CP] Copy Pods Resources */ = {
			isa = PBXShellScriptBuildPhase;
			buildActionMask = 2147483647;
			files = (
			);
			inputFileListPaths = (
				"${PODS_ROOT}/Target Support Files/Pods-DocInPoc/Pods-DocInPoc-resources-${CONFIGURATION}-input-files.xcfilelist",
			);
			name = "[CP] Copy Pods Resources";
			outputFileListPaths = (
				"${PODS_ROOT}/Target Support Files/Pods-DocInPoc/Pods-DocInPoc-resources-${CONFIGURATION}-output-files.xcfilelist",
			);
			runOnlyForDeploymentPostprocessing = 0;
			shellPath = /bin/sh;
			shellScript = "\"${PODS_ROOT}/Target Support Files/Pods-DocInPoc/Pods-DocInPoc-resources.sh\"\n";
			showEnvVarsInLog = 0;
		};
/* End PBXShellScriptBuildPhase section */

/* Begin PBXSourcesBuildPhase section */
		0F7B3FB42BDC3A6500F34827 /* Sources */ = {
			isa = PBXSourcesBuildPhase;
			buildActionMask = 2147483647;
			files = (
				0FF16F7F2BE0CBED004FDCC5 /* AuthorizationViewController.swift in Sources */,
				0FA0569C2BDD724F00582E85 /* WorkerFactory.swift in Sources */,
				0FA056912BDD71E700582E85 /* AppCoordinator.swift in Sources */,
				0FC9DC8E2BDE4FD700C35785 /* NSMutableAttributedString + Ext.swift in Sources */,
				0FF16F7B2BE0C4B3004FDCC5 /* OnboardingCoordinator.swift in Sources */,
				0FC9DC642BDE486E00C35785 /* NetworkChecker.swift in Sources */,
				0FC9DCA82BDE50F700C35785 /* Reusable.swift in Sources */,
				0FC9DC622BDE486300C35785 /* ViewSpecificController.swift in Sources */,
				0FA056932BDD71FC00582E85 /* ReactiveCoordinator.swift in Sources */,
				0FC9DC922BDE500100C35785 /* Retry + Ext.swift in Sources */,
				0FC9DC982BDE506100C35785 /* Array + Ext.swift in Sources */,
				0FC9DC942BDE501100C35785 /* UIColor + Ext.swift in Sources */,
				0FC9DC8C2BDE4F9300C35785 /* UIStackView + Ext.swift in Sources */,
				0FC9DC962BDE505500C35785 /* UIView + Ext.swift in Sources */,
				0FC9DC6C2BDE48C800C35785 /* BaseViewController.swift in Sources */,
				0FC9DC692BDE489500C35785 /* Userdefaults + Ext.swift in Sources */,
				0FC9DCB62BDE5DA000C35785 /* OnboardingViewController.swift in Sources */,
				0FC9DC9A2BDE506D00C35785 /* UIViewController + Ext.swift in Sources */,
				0FC9DCAE2BDE512500C35785 /* ObservableType + Ext.swift in Sources */,
				0FC9DCB02BDE547C00C35785 /* LanguageCellView.swift in Sources */,
				0FC9DC5D2BDE47DF00C35785 /* KeychainStore.swift in Sources */,
				0FC9DC662BDE487900C35785 /* Localization.swift in Sources */,
				0FA0569E2BDD725C00582E85 /* ViewControllerFactory.swift in Sources */,
				0FC9DC9E2BDE508B00C35785 /* UITabbarController + Ext.swift in Sources */,
				0FC9DC742BDE497000C35785 /* Decodable + Ext.swift in Sources */,
				0F7B3FC02BDC3A6500F34827 /* LanguageChooseViewController.swift in Sources */,
				0FC9DC762BDE499900C35785 /* Strings.swift in Sources */,
				0FC9DCA02BDE509800C35785 /* Int + Ext.swift in Sources */,
				0FC9DC5B2BDE47CF00C35785 /* APIClient.swift in Sources */,
				0FC9DCAA2BDE510500C35785 /* UITextField + Ext.swift in Sources */,
				0FC9DC6F2BDE48EE00C35785 /* Endpoint.swift in Sources */,
				0F7B3FBC2BDC3A6500F34827 /* AppDelegate.swift in Sources */,
				0FC9DC882BDE4D5A00C35785 /* DipFonts.swift in Sources */,
				0FF16F782BE00354004FDCC5 /* Utils.swift in Sources */,
				0FA056982BDD723600582E85 /* DependencyContainer.swift in Sources */,
				0FC9DC8A2BDE4F7E00C35785 /* UILabel + Ext.swift in Sources */,
				0FC9DC902BDE4FE600C35785 /* UIImageView + Ext.swift in Sources */,
				0FF16F762BDFE641004FDCC5 /* NavigationBarButton.swift in Sources */,
				0FF16F732BDFE58F004FDCC5 /* NavigationBarView.swift in Sources */,
				0FC9DC722BDE493800C35785 /* BaseResponse.swift in Sources */,
				0FC9DCBB2BDE61D400C35785 /* DiPPrimaryButton.swift in Sources */,
				0FC9DCBD2BDE68F100C35785 /* OnboardingCell.swift in Sources */,
				0FC9DC9C2BDE507600C35785 /* UIApplication + Ext.swift in Sources */,
				0FF16F812BE0CC06004FDCC5 /* AuthorizationView.swift in Sources */,
				0FF16F832BE0CD95004FDCC5 /* DiPSecondaryButton.swift in Sources */,
				0FC9DCAC2BDE511200C35785 /* UIButton + Ext.swift in Sources */,
				0FC9DCB82BDE5DB600C35785 /* OnboardingView.swift in Sources */,
				0FC9DC602BDE47FE00C35785 /* BaseProtocol.swift in Sources */,
				0FC9DCA22BDE50B000C35785 /* String + Ext.swift in Sources */,
				0FC9DC582BDE447500C35785 /* NavigationController.swift in Sources */,
				0F7B3FBE2BDC3A6500F34827 /* SceneDelegate.swift in Sources */,
				0FC9DCA62BDE50EB00C35785 /* UICollectionView + Ext.swift in Sources */,
				0FC9DCA42BDE50DD00C35785 /* UITableView + Ext.swift in Sources */,
				0FC9DC792BDE4A5D00C35785 /* LanguageChooseView.swift in Sources */,
				0FC9DCB32BDE5ADF00C35785 /* LanguageChooseCoordinator.swift in Sources */,
				0FA0569A2BDD724500582E85 /* ViewModelFactory.swift in Sources */,
			);
			runOnlyForDeploymentPostprocessing = 0;
		};
/* End PBXSourcesBuildPhase section */

/* Begin PBXVariantGroup section */
		0F7B3FC62BDC3A6600F34827 /* LaunchScreen.storyboard */ = {
			isa = PBXVariantGroup;
			children = (
				0F7B3FC72BDC3A6600F34827 /* Base */,
			);
			name = LaunchScreen.storyboard;
			sourceTree = "<group>";
		};
/* End PBXVariantGroup section */

/* Begin XCBuildConfiguration section */
		0F7B3FCA2BDC3A6600F34827 /* Debug */ = {
			isa = XCBuildConfiguration;
			buildSettings = {
				ALWAYS_SEARCH_USER_PATHS = NO;
				ASSETCATALOG_COMPILER_GENERATE_SWIFT_ASSET_SYMBOL_EXTENSIONS = YES;
				CLANG_ANALYZER_NONNULL = YES;
				CLANG_ANALYZER_NUMBER_OBJECT_CONVERSION = YES_AGGRESSIVE;
				CLANG_CXX_LANGUAGE_STANDARD = "gnu++20";
				CLANG_ENABLE_MODULES = YES;
				CLANG_ENABLE_OBJC_ARC = YES;
				CLANG_ENABLE_OBJC_WEAK = YES;
				CLANG_WARN_BLOCK_CAPTURE_AUTORELEASING = YES;
				CLANG_WARN_BOOL_CONVERSION = YES;
				CLANG_WARN_COMMA = YES;
				CLANG_WARN_CONSTANT_CONVERSION = YES;
				CLANG_WARN_DEPRECATED_OBJC_IMPLEMENTATIONS = YES;
				CLANG_WARN_DIRECT_OBJC_ISA_USAGE = YES_ERROR;
				CLANG_WARN_DOCUMENTATION_COMMENTS = YES;
				CLANG_WARN_EMPTY_BODY = YES;
				CLANG_WARN_ENUM_CONVERSION = YES;
				CLANG_WARN_INFINITE_RECURSION = YES;
				CLANG_WARN_INT_CONVERSION = YES;
				CLANG_WARN_NON_LITERAL_NULL_CONVERSION = YES;
				CLANG_WARN_OBJC_IMPLICIT_RETAIN_SELF = YES;
				CLANG_WARN_OBJC_LITERAL_CONVERSION = YES;
				CLANG_WARN_OBJC_ROOT_CLASS = YES_ERROR;
				CLANG_WARN_QUOTED_INCLUDE_IN_FRAMEWORK_HEADER = YES;
				CLANG_WARN_RANGE_LOOP_ANALYSIS = YES;
				CLANG_WARN_STRICT_PROTOTYPES = YES;
				CLANG_WARN_SUSPICIOUS_MOVE = YES;
				CLANG_WARN_UNGUARDED_AVAILABILITY = YES_AGGRESSIVE;
				CLANG_WARN_UNREACHABLE_CODE = YES;
				CLANG_WARN__DUPLICATE_METHOD_MATCH = YES;
				COPY_PHASE_STRIP = NO;
				DEBUG_INFORMATION_FORMAT = dwarf;
				ENABLE_STRICT_OBJC_MSGSEND = YES;
				ENABLE_TESTABILITY = YES;
				ENABLE_USER_SCRIPT_SANDBOXING = YES;
				GCC_C_LANGUAGE_STANDARD = gnu17;
				GCC_DYNAMIC_NO_PIC = NO;
				GCC_NO_COMMON_BLOCKS = YES;
				GCC_OPTIMIZATION_LEVEL = 0;
				GCC_PREPROCESSOR_DEFINITIONS = (
					"DEBUG=1",
					"$(inherited)",
				);
				GCC_WARN_64_TO_32_BIT_CONVERSION = YES;
				GCC_WARN_ABOUT_RETURN_TYPE = YES_ERROR;
				GCC_WARN_UNDECLARED_SELECTOR = YES;
				GCC_WARN_UNINITIALIZED_AUTOS = YES_AGGRESSIVE;
				GCC_WARN_UNUSED_FUNCTION = YES;
				GCC_WARN_UNUSED_VARIABLE = YES;
				IPHONEOS_DEPLOYMENT_TARGET = 17.4;
				LOCALIZATION_PREFERS_STRING_CATALOGS = YES;
				MTL_ENABLE_DEBUG_INFO = INCLUDE_SOURCE;
				MTL_FAST_MATH = YES;
				ONLY_ACTIVE_ARCH = YES;
				SDKROOT = iphoneos;
				SWIFT_ACTIVE_COMPILATION_CONDITIONS = "DEBUG $(inherited)";
				SWIFT_OPTIMIZATION_LEVEL = "-Onone";
			};
			name = Debug;
		};
		0F7B3FCB2BDC3A6600F34827 /* Release */ = {
			isa = XCBuildConfiguration;
			buildSettings = {
				ALWAYS_SEARCH_USER_PATHS = NO;
				ASSETCATALOG_COMPILER_GENERATE_SWIFT_ASSET_SYMBOL_EXTENSIONS = YES;
				CLANG_ANALYZER_NONNULL = YES;
				CLANG_ANALYZER_NUMBER_OBJECT_CONVERSION = YES_AGGRESSIVE;
				CLANG_CXX_LANGUAGE_STANDARD = "gnu++20";
				CLANG_ENABLE_MODULES = YES;
				CLANG_ENABLE_OBJC_ARC = YES;
				CLANG_ENABLE_OBJC_WEAK = YES;
				CLANG_WARN_BLOCK_CAPTURE_AUTORELEASING = YES;
				CLANG_WARN_BOOL_CONVERSION = YES;
				CLANG_WARN_COMMA = YES;
				CLANG_WARN_CONSTANT_CONVERSION = YES;
				CLANG_WARN_DEPRECATED_OBJC_IMPLEMENTATIONS = YES;
				CLANG_WARN_DIRECT_OBJC_ISA_USAGE = YES_ERROR;
				CLANG_WARN_DOCUMENTATION_COMMENTS = YES;
				CLANG_WARN_EMPTY_BODY = YES;
				CLANG_WARN_ENUM_CONVERSION = YES;
				CLANG_WARN_INFINITE_RECURSION = YES;
				CLANG_WARN_INT_CONVERSION = YES;
				CLANG_WARN_NON_LITERAL_NULL_CONVERSION = YES;
				CLANG_WARN_OBJC_IMPLICIT_RETAIN_SELF = YES;
				CLANG_WARN_OBJC_LITERAL_CONVERSION = YES;
				CLANG_WARN_OBJC_ROOT_CLASS = YES_ERROR;
				CLANG_WARN_QUOTED_INCLUDE_IN_FRAMEWORK_HEADER = YES;
				CLANG_WARN_RANGE_LOOP_ANALYSIS = YES;
				CLANG_WARN_STRICT_PROTOTYPES = YES;
				CLANG_WARN_SUSPICIOUS_MOVE = YES;
				CLANG_WARN_UNGUARDED_AVAILABILITY = YES_AGGRESSIVE;
				CLANG_WARN_UNREACHABLE_CODE = YES;
				CLANG_WARN__DUPLICATE_METHOD_MATCH = YES;
				COPY_PHASE_STRIP = NO;
				DEBUG_INFORMATION_FORMAT = "dwarf-with-dsym";
				ENABLE_NS_ASSERTIONS = NO;
				ENABLE_STRICT_OBJC_MSGSEND = YES;
				ENABLE_USER_SCRIPT_SANDBOXING = YES;
				GCC_C_LANGUAGE_STANDARD = gnu17;
				GCC_NO_COMMON_BLOCKS = YES;
				GCC_WARN_64_TO_32_BIT_CONVERSION = YES;
				GCC_WARN_ABOUT_RETURN_TYPE = YES_ERROR;
				GCC_WARN_UNDECLARED_SELECTOR = YES;
				GCC_WARN_UNINITIALIZED_AUTOS = YES_AGGRESSIVE;
				GCC_WARN_UNUSED_FUNCTION = YES;
				GCC_WARN_UNUSED_VARIABLE = YES;
				IPHONEOS_DEPLOYMENT_TARGET = 17.4;
				LOCALIZATION_PREFERS_STRING_CATALOGS = YES;
				MTL_ENABLE_DEBUG_INFO = NO;
				MTL_FAST_MATH = YES;
				SDKROOT = iphoneos;
				SWIFT_COMPILATION_MODE = wholemodule;
				VALIDATE_PRODUCT = YES;
			};
			name = Release;
		};
		0F7B3FCD2BDC3A6600F34827 /* Debug */ = {
			isa = XCBuildConfiguration;
			baseConfigurationReference = ADFF56737BA3CADE1D324129 /* Pods-DocInPoc.debug.xcconfig */;
			buildSettings = {
				ASSETCATALOG_COMPILER_APPICON_NAME = AppIcon;
				ASSETCATALOG_COMPILER_GLOBAL_ACCENT_COLOR_NAME = AccentColor;
				CODE_SIGN_STYLE = Automatic;
				CURRENT_PROJECT_VERSION = 1;
				DEVELOPMENT_TEAM = HSY5R94H24;
				ENABLE_USER_SCRIPT_SANDBOXING = NO;
				GENERATE_INFOPLIST_FILE = YES;
				INFOPLIST_FILE = DocInPoc/Resources/Info.plist;
				INFOPLIST_KEY_CFBundleDisplayName = DocInPoc;
				INFOPLIST_KEY_LSApplicationCategoryType = "public.app-category.medical";
				INFOPLIST_KEY_UIApplicationSupportsIndirectInputEvents = YES;
				INFOPLIST_KEY_UILaunchStoryboardName = LaunchScreen;
				INFOPLIST_KEY_UIMainStoryboardFile = "";
				INFOPLIST_KEY_UIStatusBarStyle = "";
				INFOPLIST_KEY_UISupportedInterfaceOrientations = UIInterfaceOrientationPortrait;
				IPHONEOS_DEPLOYMENT_TARGET = 14.0;
				LD_RUNPATH_SEARCH_PATHS = (
					"$(inherited)",
					"@executable_path/Frameworks",
				);
				MARKETING_VERSION = 1.0;
				PRODUCT_BUNDLE_IDENTIFIER = docInPoc.org.DocInPoc;
				PRODUCT_NAME = "$(TARGET_NAME)";
				SWIFT_EMIT_LOC_STRINGS = YES;
				SWIFT_VERSION = 5.0;
				TARGETED_DEVICE_FAMILY = "1,2";
			};
			name = Debug;
		};
		0F7B3FCE2BDC3A6600F34827 /* Release */ = {
			isa = XCBuildConfiguration;
			baseConfigurationReference = 4A8E8812A7E26192AC4550B5 /* Pods-DocInPoc.release.xcconfig */;
			buildSettings = {
				ASSETCATALOG_COMPILER_APPICON_NAME = AppIcon;
				ASSETCATALOG_COMPILER_GLOBAL_ACCENT_COLOR_NAME = AccentColor;
				CODE_SIGN_STYLE = Automatic;
				CURRENT_PROJECT_VERSION = 1;
				DEVELOPMENT_TEAM = HSY5R94H24;
				ENABLE_USER_SCRIPT_SANDBOXING = NO;
				GENERATE_INFOPLIST_FILE = YES;
				INFOPLIST_FILE = DocInPoc/Resources/Info.plist;
				INFOPLIST_KEY_CFBundleDisplayName = DocInPoc;
				INFOPLIST_KEY_LSApplicationCategoryType = "public.app-category.medical";
				INFOPLIST_KEY_UIApplicationSupportsIndirectInputEvents = YES;
				INFOPLIST_KEY_UILaunchStoryboardName = LaunchScreen;
				INFOPLIST_KEY_UIMainStoryboardFile = "";
				INFOPLIST_KEY_UIStatusBarStyle = "";
				INFOPLIST_KEY_UISupportedInterfaceOrientations = UIInterfaceOrientationPortrait;
				IPHONEOS_DEPLOYMENT_TARGET = 14.0;
				LD_RUNPATH_SEARCH_PATHS = (
					"$(inherited)",
					"@executable_path/Frameworks",
				);
				MARKETING_VERSION = 1.0;
				PRODUCT_BUNDLE_IDENTIFIER = docInPoc.org.DocInPoc;
				PRODUCT_NAME = "$(TARGET_NAME)";
				SWIFT_EMIT_LOC_STRINGS = YES;
				SWIFT_VERSION = 5.0;
				TARGETED_DEVICE_FAMILY = "1,2";
			};
			name = Release;
		};
/* End XCBuildConfiguration section */

/* Begin XCConfigurationList section */
		0F7B3FB32BDC3A6500F34827 /* Build configuration list for PBXProject "DocInPoc" */ = {
			isa = XCConfigurationList;
			buildConfigurations = (
				0F7B3FCA2BDC3A6600F34827 /* Debug */,
				0F7B3FCB2BDC3A6600F34827 /* Release */,
			);
			defaultConfigurationIsVisible = 0;
			defaultConfigurationName = Release;
		};
		0F7B3FCC2BDC3A6600F34827 /* Build configuration list for PBXNativeTarget "DocInPoc" */ = {
			isa = XCConfigurationList;
			buildConfigurations = (
				0F7B3FCD2BDC3A6600F34827 /* Debug */,
				0F7B3FCE2BDC3A6600F34827 /* Release */,
			);
			defaultConfigurationIsVisible = 0;
			defaultConfigurationName = Release;
		};
/* End XCConfigurationList section */
	};
	rootObject = 0F7B3FB02BDC3A6500F34827 /* Project object */;
}
