// !$*UTF8*$!
{
	archiveVersion = 1;
	classes = {
	};
	objectVersion = 56;
	objects = {

/* Begin PBXBuildFile section */
		0F7B3FBC2BDC3A6500F34827 /* AppDelegate.swift in Sources */ = {isa = PBXBuildFile; fileRef = 0F7B3FBB2BDC3A6500F34827 /* AppDelegate.swift */; };
		0F7B3FBE2BDC3A6500F34827 /* SceneDelegate.swift in Sources */ = {isa = PBXBuildFile; fileRef = 0F7B3FBD2BDC3A6500F34827 /* SceneDelegate.swift */; };
		0F7B3FC02BDC3A6500F34827 /* ViewController.swift in Sources */ = {isa = PBXBuildFile; fileRef = 0F7B3FBF2BDC3A6500F34827 /* ViewController.swift */; };
		0F7B3FC52BDC3A6600F34827 /* Assets.xcassets in Resources */ = {isa = PBXBuildFile; fileRef = 0F7B3FC42BDC3A6600F34827 /* Assets.xcassets */; };
		0F7B3FC82BDC3A6600F34827 /* Base in Resources */ = {isa = PBXBuildFile; fileRef = 0F7B3FC72BDC3A6600F34827 /* Base */; };
		593177F4BECE47AF1962C683 /* libPods-DocInPoc.a in Frameworks */ = {isa = PBXBuildFile; fileRef = 95F2CCA013EF416510D128D6 /* libPods-DocInPoc.a */; };
/* End PBXBuildFile section */

/* Begin PBXFileReference section */
		0F7B3FB82BDC3A6500F34827 /* DocInPoc.app */ = {isa = PBXFileReference; explicitFileType = wrapper.application; includeInIndex = 0; path = DocInPoc.app; sourceTree = BUILT_PRODUCTS_DIR; };
		0F7B3FBB2BDC3A6500F34827 /* AppDelegate.swift */ = {isa = PBXFileReference; lastKnownFileType = sourcecode.swift; path = AppDelegate.swift; sourceTree = "<group>"; };
		0F7B3FBD2BDC3A6500F34827 /* SceneDelegate.swift */ = {isa = PBXFileReference; lastKnownFileType = sourcecode.swift; path = SceneDelegate.swift; sourceTree = "<group>"; };
		0F7B3FBF2BDC3A6500F34827 /* ViewController.swift */ = {isa = PBXFileReference; lastKnownFileType = sourcecode.swift; path = ViewController.swift; sourceTree = "<group>"; };
		0F7B3FC42BDC3A6600F34827 /* Assets.xcassets */ = {isa = PBXFileReference; lastKnownFileType = folder.assetcatalog; path = Assets.xcassets; sourceTree = "<group>"; };
		0F7B3FC72BDC3A6600F34827 /* Base */ = {isa = PBXFileReference; lastKnownFileType = file.storyboard; name = Base; path = Base.lproj/LaunchScreen.storyboard; sourceTree = "<group>"; };
		0FA0568E2BDD6E1100582E85 /* Info.plist */ = {isa = PBXFileReference; fileEncoding = 4; lastKnownFileType = text.plist.xml; name = Info.plist; path = DocInPoc/Resources/Info.plist; sourceTree = SOURCE_ROOT; };
		4A8E8812A7E26192AC4550B5 /* Pods-DocInPoc.release.xcconfig */ = {isa = PBXFileReference; includeInIndex = 1; lastKnownFileType = text.xcconfig; name = "Pods-DocInPoc.release.xcconfig"; path = "Target Support Files/Pods-DocInPoc/Pods-DocInPoc.release.xcconfig"; sourceTree = "<group>"; };
		95F2CCA013EF416510D128D6 /* libPods-DocInPoc.a */ = {isa = PBXFileReference; explicitFileType = archive.ar; includeInIndex = 0; path = "libPods-DocInPoc.a"; sourceTree = BUILT_PRODUCTS_DIR; };
		ADFF56737BA3CADE1D324129 /* Pods-DocInPoc.debug.xcconfig */ = {isa = PBXFileReference; includeInIndex = 1; lastKnownFileType = text.xcconfig; name = "Pods-DocInPoc.debug.xcconfig"; path = "Target Support Files/Pods-DocInPoc/Pods-DocInPoc.debug.xcconfig"; sourceTree = "<group>"; };
/* End PBXFileReference section */

/* Begin PBXFrameworksBuildPhase section */
		0F7B3FB52BDC3A6500F34827 /* Frameworks */ = {
			isa = PBXFrameworksBuildPhase;
			buildActionMask = 2147483647;
			files = (
				593177F4BECE47AF1962C683 /* libPods-DocInPoc.a in Frameworks */,
			);
			runOnlyForDeploymentPostprocessing = 0;
		};
/* End PBXFrameworksBuildPhase section */

/* Begin PBXGroup section */
		0F7B3FAF2BDC3A6500F34827 = {
			isa = PBXGroup;
			children = (
				0F7B3FBA2BDC3A6500F34827 /* DocInPoc */,
				0F7B3FB92BDC3A6500F34827 /* Products */,
				64199C01D6AC63A4B3B6DE20 /* Pods */,
				EC3AAE90561FE6ED2C3E4E51 /* Frameworks */,
			);
			sourceTree = "<group>";
		};
		0F7B3FB92BDC3A6500F34827 /* Products */ = {
			isa = PBXGroup;
			children = (
				0F7B3FB82BDC3A6500F34827 /* DocInPoc.app */,
			);
			name = Products;
			sourceTree = "<group>";
		};
		0F7B3FBA2BDC3A6500F34827 /* DocInPoc */ = {
			isa = PBXGroup;
			children = (
				0F7B3FBB2BDC3A6500F34827 /* AppDelegate.swift */,
				0F7B3FBD2BDC3A6500F34827 /* SceneDelegate.swift */,
				0F7B3FBF2BDC3A6500F34827 /* ViewController.swift */,
				0FD119DA2BDD6DBF00CE243C /* Resources */,
			);
			path = DocInPoc;
			sourceTree = "<group>";
		};
		0FD119DA2BDD6DBF00CE243C /* Resources */ = {
			isa = PBXGroup;
			children = (
				0FA0568E2BDD6E1100582E85 /* Info.plist */,
				0F7B3FC42BDC3A6600F34827 /* Assets.xcassets */,
				0F7B3FC62BDC3A6600F34827 /* LaunchScreen.storyboard */,
			);
			path = Resources;
			sourceTree = "<group>";
		};
		64199C01D6AC63A4B3B6DE20 /* Pods */ = {
			isa = PBXGroup;
			children = (
				ADFF56737BA3CADE1D324129 /* Pods-DocInPoc.debug.xcconfig */,
				4A8E8812A7E26192AC4550B5 /* Pods-DocInPoc.release.xcconfig */,
			);
			path = Pods;
			sourceTree = "<group>";
		};
		EC3AAE90561FE6ED2C3E4E51 /* Frameworks */ = {
			isa = PBXGroup;
			children = (
				95F2CCA013EF416510D128D6 /* libPods-DocInPoc.a */,
			);
			name = Frameworks;
			sourceTree = "<group>";
		};
/* End PBXGroup section */

/* Begin PBXNativeTarget section */
		0F7B3FB72BDC3A6500F34827 /* DocInPoc */ = {
			isa = PBXNativeTarget;
			buildConfigurationList = 0F7B3FCC2BDC3A6600F34827 /* Build configuration list for PBXNativeTarget "DocInPoc" */;
			buildPhases = (
				DBC9C1633C58282F88DC10E0 /* [CP] Check Pods Manifest.lock */,
				0F7B3FB42BDC3A6500F34827 /* Sources */,
				0F7B3FB52BDC3A6500F34827 /* Frameworks */,
				0F7B3FB62BDC3A6500F34827 /* Resources */,
				FA0A5CD9F626741D6372DB6C /* [CP] Copy Pods Resources */,
			);
			buildRules = (
			);
			dependencies = (
			);
			name = DocInPoc;
			productName = DocInPoc;
			productReference = 0F7B3FB82BDC3A6500F34827 /* DocInPoc.app */;
			productType = "com.apple.product-type.application";
		};
/* End PBXNativeTarget section */

/* Begin PBXProject section */
		0F7B3FB02BDC3A6500F34827 /* Project object */ = {
			isa = PBXProject;
			attributes = {
				BuildIndependentTargetsInParallel = 1;
				LastSwiftUpdateCheck = 1530;
				LastUpgradeCheck = 1530;
				TargetAttributes = {
					0F7B3FB72BDC3A6500F34827 = {
						CreatedOnToolsVersion = 15.3;
					};
				};
			};
			buildConfigurationList = 0F7B3FB32BDC3A6500F34827 /* Build configuration list for PBXProject "DocInPoc" */;
			compatibilityVersion = "Xcode 14.0";
			developmentRegion = en;
			hasScannedForEncodings = 0;
			knownRegions = (
				en,
				Base,
			);
			mainGroup = 0F7B3FAF2BDC3A6500F34827;
			productRefGroup = 0F7B3FB92BDC3A6500F34827 /* Products */;
			projectDirPath = "";
			projectRoot = "";
			targets = (
				0F7B3FB72BDC3A6500F34827 /* DocInPoc */,
			);
		};
/* End PBXProject section */

/* Begin PBXResourcesBuildPhase section */
		0F7B3FB62BDC3A6500F34827 /* Resources */ = {
			isa = PBXResourcesBuildPhase;
			buildActionMask = 2147483647;
			files = (
				0F7B3FC52BDC3A6600F34827 /* Assets.xcassets in Resources */,
				0F7B3FC82BDC3A6600F34827 /* Base in Resources */,
			);
			runOnlyForDeploymentPostprocessing = 0;
		};
/* End PBXResourcesBuildPhase section */

/* Begin PBXShellScriptBuildPhase section */
		DBC9C1633C58282F88DC10E0 /* [CP] Check Pods Manifest.lock */ = {
			isa = PBXShellScriptBuildPhase;
			buildActionMask = 2147483647;
			files = (
			);
			inputFileListPaths = (
			);
			inputPaths = (
				"${PODS_PODFILE_DIR_PATH}/Podfile.lock",
				"${PODS_ROOT}/Manifest.lock",
			);
			name = "[CP] Check Pods Manifest.lock";
			outputFileListPaths = (
			);
			outputPaths = (
				"$(DERIVED_FILE_DIR)/Pods-DocInPoc-checkManifestLockResult.txt",
			);
			runOnlyForDeploymentPostprocessing = 0;
			shellPath = /bin/sh;
			shellScript = "diff \"${PODS_PODFILE_DIR_PATH}/Podfile.lock\" \"${PODS_ROOT}/Manifest.lock\" > /dev/null\nif [ $? != 0 ] ; then\n    # print error to STDERR\n    echo \"error: The sandbox is not in sync with the Podfile.lock. Run 'pod install' or update your CocoaPods installation.\" >&2\n    exit 1\nfi\n# This output is used by Xcode 'outputs' to avoid re-running this script phase.\necho \"SUCCESS\" > \"${SCRIPT_OUTPUT_FILE_0}\"\n";
			showEnvVarsInLog = 0;
		};
		FA0A5CD9F626741D6372DB6C /* [CP] Copy Pods Resources */ = {
			isa = PBXShellScriptBuildPhase;
			buildActionMask = 2147483647;
			files = (
			);
			inputFileListPaths = (
				"${PODS_ROOT}/Target Support Files/Pods-DocInPoc/Pods-DocInPoc-resources-${CONFIGURATION}-input-files.xcfilelist",
			);
			name = "[CP] Copy Pods Resources";
			outputFileListPaths = (
				"${PODS_ROOT}/Target Support Files/Pods-DocInPoc/Pods-DocInPoc-resources-${CONFIGURATION}-output-files.xcfilelist",
			);
			runOnlyForDeploymentPostprocessing = 0;
			shellPath = /bin/sh;
			shellScript = "\"${PODS_ROOT}/Target Support Files/Pods-DocInPoc/Pods-DocInPoc-resources.sh\"\n";
			showEnvVarsInLog = 0;
		};
/* End PBXShellScriptBuildPhase section */

/* Begin PBXSourcesBuildPhase section */
		0F7B3FB42BDC3A6500F34827 /* Sources */ = {
			isa = PBXSourcesBuildPhase;
			buildActionMask = 2147483647;
			files = (
				0F7B3FC02BDC3A6500F34827 /* ViewController.swift in Sources */,
				0F7B3FBC2BDC3A6500F34827 /* AppDelegate.swift in Sources */,
				0F7B3FBE2BDC3A6500F34827 /* SceneDelegate.swift in Sources */,
			);
			runOnlyForDeploymentPostprocessing = 0;
		};
/* End PBXSourcesBuildPhase section */

/* Begin PBXVariantGroup section */
		0F7B3FC62BDC3A6600F34827 /* LaunchScreen.storyboard */ = {
			isa = PBXVariantGroup;
			children = (
				0F7B3FC72BDC3A6600F34827 /* Base */,
			);
			name = LaunchScreen.storyboard;
			sourceTree = "<group>";
		};
/* End PBXVariantGroup section */

/* Begin XCBuildConfiguration section */
		0F7B3FCA2BDC3A6600F34827 /* Debug */ = {
			isa = XCBuildConfiguration;
			buildSettings = {
				ALWAYS_SEARCH_USER_PATHS = NO;
				ASSETCATALOG_COMPILER_GENERATE_SWIFT_ASSET_SYMBOL_EXTENSIONS = YES;
				CLANG_ANALYZER_NONNULL = YES;
				CLANG_ANALYZER_NUMBER_OBJECT_CONVERSION = YES_AGGRESSIVE;
				CLANG_CXX_LANGUAGE_STANDARD = "gnu++20";
				CLANG_ENABLE_MODULES = YES;
				CLANG_ENABLE_OBJC_ARC = YES;
				CLANG_ENABLE_OBJC_WEAK = YES;
				CLANG_WARN_BLOCK_CAPTURE_AUTORELEASING = YES;
				CLANG_WARN_BOOL_CONVERSION = YES;
				CLANG_WARN_COMMA = YES;
				CLANG_WARN_CONSTANT_CONVERSION = YES;
				CLANG_WARN_DEPRECATED_OBJC_IMPLEMENTATIONS = YES;
				CLANG_WARN_DIRECT_OBJC_ISA_USAGE = YES_ERROR;
				CLANG_WARN_DOCUMENTATION_COMMENTS = YES;
				CLANG_WARN_EMPTY_BODY = YES;
				CLANG_WARN_ENUM_CONVERSION = YES;
				CLANG_WARN_INFINITE_RECURSION = YES;
				CLANG_WARN_INT_CONVERSION = YES;
				CLANG_WARN_NON_LITERAL_NULL_CONVERSION = YES;
				CLANG_WARN_OBJC_IMPLICIT_RETAIN_SELF = YES;
				CLANG_WARN_OBJC_LITERAL_CONVERSION = YES;
				CLANG_WARN_OBJC_ROOT_CLASS = YES_ERROR;
				CLANG_WARN_QUOTED_INCLUDE_IN_FRAMEWORK_HEADER = YES;
				CLANG_WARN_RANGE_LOOP_ANALYSIS = YES;
				CLANG_WARN_STRICT_PROTOTYPES = YES;
				CLANG_WARN_SUSPICIOUS_MOVE = YES;
				CLANG_WARN_UNGUARDED_AVAILABILITY = YES_AGGRESSIVE;
				CLANG_WARN_UNREACHABLE_CODE = YES;
				CLANG_WARN__DUPLICATE_METHOD_MATCH = YES;
				COPY_PHASE_STRIP = NO;
				DEBUG_INFORMATION_FORMAT = dwarf;
				ENABLE_STRICT_OBJC_MSGSEND = YES;
				ENABLE_TESTABILITY = YES;
				ENABLE_USER_SCRIPT_SANDBOXING = YES;
				GCC_C_LANGUAGE_STANDARD = gnu17;
				GCC_DYNAMIC_NO_PIC = NO;
				GCC_NO_COMMON_BLOCKS = YES;
				GCC_OPTIMIZATION_LEVEL = 0;
				GCC_PREPROCESSOR_DEFINITIONS = (
					"DEBUG=1",
					"$(inherited)",
				);
				GCC_WARN_64_TO_32_BIT_CONVERSION = YES;
				GCC_WARN_ABOUT_RETURN_TYPE = YES_ERROR;
				GCC_WARN_UNDECLARED_SELECTOR = YES;
				GCC_WARN_UNINITIALIZED_AUTOS = YES_AGGRESSIVE;
				GCC_WARN_UNUSED_FUNCTION = YES;
				GCC_WARN_UNUSED_VARIABLE = YES;
				IPHONEOS_DEPLOYMENT_TARGET = 17.4;
				LOCALIZATION_PREFERS_STRING_CATALOGS = YES;
				MTL_ENABLE_DEBUG_INFO = INCLUDE_SOURCE;
				MTL_FAST_MATH = YES;
				ONLY_ACTIVE_ARCH = YES;
				SDKROOT = iphoneos;
				SWIFT_ACTIVE_COMPILATION_CONDITIONS = "DEBUG $(inherited)";
				SWIFT_OPTIMIZATION_LEVEL = "-Onone";
			};
			name = Debug;
		};
		0F7B3FCB2BDC3A6600F34827 /* Release */ = {
			isa = XCBuildConfiguration;
			buildSettings = {
				ALWAYS_SEARCH_USER_PATHS = NO;
				ASSETCATALOG_COMPILER_GENERATE_SWIFT_ASSET_SYMBOL_EXTENSIONS = YES;
				CLANG_ANALYZER_NONNULL = YES;
				CLANG_ANALYZER_NUMBER_OBJECT_CONVERSION = YES_AGGRESSIVE;
				CLANG_CXX_LANGUAGE_STANDARD = "gnu++20";
				CLANG_ENABLE_MODULES = YES;
				CLANG_ENABLE_OBJC_ARC = YES;
				CLANG_ENABLE_OBJC_WEAK = YES;
				CLANG_WARN_BLOCK_CAPTURE_AUTORELEASING = YES;
				CLANG_WARN_BOOL_CONVERSION = YES;
				CLANG_WARN_COMMA = YES;
				CLANG_WARN_CONSTANT_CONVERSION = YES;
				CLANG_WARN_DEPRECATED_OBJC_IMPLEMENTATIONS = YES;
				CLANG_WARN_DIRECT_OBJC_ISA_USAGE = YES_ERROR;
				CLANG_WARN_DOCUMENTATION_COMMENTS = YES;
				CLANG_WARN_EMPTY_BODY = YES;
				CLANG_WARN_ENUM_CONVERSION = YES;
				CLANG_WARN_INFINITE_RECURSION = YES;
				CLANG_WARN_INT_CONVERSION = YES;
				CLANG_WARN_NON_LITERAL_NULL_CONVERSION = YES;
				CLANG_WARN_OBJC_IMPLICIT_RETAIN_SELF = YES;
				CLANG_WARN_OBJC_LITERAL_CONVERSION = YES;
				CLANG_WARN_OBJC_ROOT_CLASS = YES_ERROR;
				CLANG_WARN_QUOTED_INCLUDE_IN_FRAMEWORK_HEADER = YES;
				CLANG_WARN_RANGE_LOOP_ANALYSIS = YES;
				CLANG_WARN_STRICT_PROTOTYPES = YES;
				CLANG_WARN_SUSPICIOUS_MOVE = YES;
				CLANG_WARN_UNGUARDED_AVAILABILITY = YES_AGGRESSIVE;
				CLANG_WARN_UNREACHABLE_CODE = YES;
				CLANG_WARN__DUPLICATE_METHOD_MATCH = YES;
				COPY_PHASE_STRIP = NO;
				DEBUG_INFORMATION_FORMAT = "dwarf-with-dsym";
				ENABLE_NS_ASSERTIONS = NO;
				ENABLE_STRICT_OBJC_MSGSEND = YES;
				ENABLE_USER_SCRIPT_SANDBOXING = YES;
				GCC_C_LANGUAGE_STANDARD = gnu17;
				GCC_NO_COMMON_BLOCKS = YES;
				GCC_WARN_64_TO_32_BIT_CONVERSION = YES;
				GCC_WARN_ABOUT_RETURN_TYPE = YES_ERROR;
				GCC_WARN_UNDECLARED_SELECTOR = YES;
				GCC_WARN_UNINITIALIZED_AUTOS = YES_AGGRESSIVE;
				GCC_WARN_UNUSED_FUNCTION = YES;
				GCC_WARN_UNUSED_VARIABLE = YES;
				IPHONEOS_DEPLOYMENT_TARGET = 17.4;
				LOCALIZATION_PREFERS_STRING_CATALOGS = YES;
				MTL_ENABLE_DEBUG_INFO = NO;
				MTL_FAST_MATH = YES;
				SDKROOT = iphoneos;
				SWIFT_COMPILATION_MODE = wholemodule;
				VALIDATE_PRODUCT = YES;
			};
			name = Release;
		};
		0F7B3FCD2BDC3A6600F34827 /* Debug */ = {
			isa = XCBuildConfiguration;
			baseConfigurationReference = ADFF56737BA3CADE1D324129 /* Pods-DocInPoc.debug.xcconfig */;
			buildSettings = {
				ASSETCATALOG_COMPILER_APPICON_NAME = AppIcon;
				ASSETCATALOG_COMPILER_GLOBAL_ACCENT_COLOR_NAME = AccentColor;
				CODE_SIGN_STYLE = Automatic;
				CURRENT_PROJECT_VERSION = 1;
				DEVELOPMENT_TEAM = HSY5R94H24;
				ENABLE_USER_SCRIPT_SANDBOXING = NO;
				GENERATE_INFOPLIST_FILE = YES;
				INFOPLIST_FILE = DocInPoc/Resources/Info.plist;
				INFOPLIST_KEY_CFBundleDisplayName = DocInPoc;
				INFOPLIST_KEY_LSApplicationCategoryType = "public.app-category.medical";
				INFOPLIST_KEY_UIApplicationSupportsIndirectInputEvents = YES;
				INFOPLIST_KEY_UILaunchStoryboardName = LaunchScreen;
				INFOPLIST_KEY_UIMainStoryboardFile = "";
				INFOPLIST_KEY_UISupportedInterfaceOrientations = UIInterfaceOrientationPortrait;
				IPHONEOS_DEPLOYMENT_TARGET = 14.0;
				LD_RUNPATH_SEARCH_PATHS = (
					"$(inherited)",
					"@executable_path/Frameworks",
				);
				MARKETING_VERSION = 1.0;
				PRODUCT_BUNDLE_IDENTIFIER = docInPoc.org.DocInPoc;
				PRODUCT_NAME = "$(TARGET_NAME)";
				SWIFT_EMIT_LOC_STRINGS = YES;
				SWIFT_VERSION = 5.0;
				TARGETED_DEVICE_FAMILY = "1,2";
			};
			name = Debug;
		};
		0F7B3FCE2BDC3A6600F34827 /* Release */ = {
			isa = XCBuildConfiguration;
			baseConfigurationReference = 4A8E8812A7E26192AC4550B5 /* Pods-DocInPoc.release.xcconfig */;
			buildSettings = {
				ASSETCATALOG_COMPILER_APPICON_NAME = AppIcon;
				ASSETCATALOG_COMPILER_GLOBAL_ACCENT_COLOR_NAME = AccentColor;
				CODE_SIGN_STYLE = Automatic;
				CURRENT_PROJECT_VERSION = 1;
				DEVELOPMENT_TEAM = HSY5R94H24;
				ENABLE_USER_SCRIPT_SANDBOXING = NO;
				GENERATE_INFOPLIST_FILE = YES;
				INFOPLIST_FILE = DocInPoc/Resources/Info.plist;
				INFOPLIST_KEY_CFBundleDisplayName = DocInPoc;
				INFOPLIST_KEY_LSApplicationCategoryType = "public.app-category.medical";
				INFOPLIST_KEY_UIApplicationSupportsIndirectInputEvents = YES;
				INFOPLIST_KEY_UILaunchStoryboardName = LaunchScreen;
				INFOPLIST_KEY_UIMainStoryboardFile = "";
				INFOPLIST_KEY_UISupportedInterfaceOrientations = UIInterfaceOrientationPortrait;
				IPHONEOS_DEPLOYMENT_TARGET = 14.0;
				LD_RUNPATH_SEARCH_PATHS = (
					"$(inherited)",
					"@executable_path/Frameworks",
				);
				MARKETING_VERSION = 1.0;
				PRODUCT_BUNDLE_IDENTIFIER = docInPoc.org.DocInPoc;
				PRODUCT_NAME = "$(TARGET_NAME)";
				SWIFT_EMIT_LOC_STRINGS = YES;
				SWIFT_VERSION = 5.0;
				TARGETED_DEVICE_FAMILY = "1,2";
			};
			name = Release;
		};
/* End XCBuildConfiguration section */

/* Begin XCConfigurationList section */
		0F7B3FB32BDC3A6500F34827 /* Build configuration list for PBXProject "DocInPoc" */ = {
			isa = XCConfigurationList;
			buildConfigurations = (
				0F7B3FCA2BDC3A6600F34827 /* Debug */,
				0F7B3FCB2BDC3A6600F34827 /* Release */,
			);
			defaultConfigurationIsVisible = 0;
			defaultConfigurationName = Release;
		};
		0F7B3FCC2BDC3A6600F34827 /* Build configuration list for PBXNativeTarget "DocInPoc" */ = {
			isa = XCConfigurationList;
			buildConfigurations = (
				0F7B3FCD2BDC3A6600F34827 /* Debug */,
				0F7B3FCE2BDC3A6600F34827 /* Release */,
			);
			defaultConfigurationIsVisible = 0;
			defaultConfigurationName = Release;
		};
/* End XCConfigurationList section */
	};
	rootObject = 0F7B3FB02BDC3A6500F34827 /* Project object */;
}
